
Microsoft Visual Studio Solution File, Format Version 12.00
# Visual Studio Version 17
VisualStudioVersion = 17.0.31903.59
MinimumVisualStudioVersion = 10.0.40219.1
Project("{FAE04EC0-301F-11D3-BF4B-00C04F79EFBC}") = "API", "API\API.csproj", "{80DD47DE-4D04-4800-871C-933306D087ED}"
EndProject
Project("{FAE04EC0-301F-11D3-BF4B-00C04F79EFBC}") = "Core", "Core\Core.csproj", "{01D2B588-246D-492A-B8F8-0A11C561740E}"
EndProject
Project("{FAE04EC0-301F-11D3-BF4B-00C04F79EFBC}") = "Infrastructure", "Infrastructure\Infrastructure.csproj", "{D3A90683-FA12-4645-A1FF-786D4F499867}"
EndProject
Global
	GlobalSection(SolutionConfigurationPlatforms) = preSolution
		Debug|Any CPU = Debug|Any CPU
		Release|Any CPU = Release|Any CPU
	EndGlobalSection
	GlobalSection(SolutionProperties) = preSolution
		HideSolutionNode = FALSE
	EndGlobalSection
	GlobalSection(ProjectConfigurationPlatforms) = postSolution
		{80DD47DE-4D04-4800-871C-933306D087ED}.Debug|Any CPU.ActiveCfg = Debug|Any CPU
		{80DD47DE-4D04-4800-871C-933306D087ED}.Debug|Any CPU.Build.0 = Debug|Any CPU
		{80DD47DE-4D04-4800-871C-933306D087ED}.Release|Any CPU.ActiveCfg = Release|Any CPU
		{80DD47DE-4D04-4800-871C-933306D087ED}.Release|Any CPU.Build.0 = Release|Any CPU
		{01D2B588-246D-492A-B8F8-0A11C561740E}.Debug|Any CPU.ActiveCfg = Debug|Any CPU
		{01D2B588-246D-492A-B8F8-0A11C561740E}.Debug|Any CPU.Build.0 = Debug|Any CPU
		{01D2B588-246D-492A-B8F8-0A11C561740E}.Release|Any CPU.ActiveCfg = Release|Any CPU
		{01D2B588-246D-492A-B8F8-0A11C561740E}.Release|Any CPU.Build.0 = Release|Any CPU
		{D3A90683-FA12-4645-A1FF-786D4F499867}.Debug|Any CPU.ActiveCfg = Debug|Any CPU
		{D3A90683-FA12-4645-A1FF-786D4F499867}.Debug|Any CPU.Build.0 = Debug|Any CPU
		{D3A90683-FA12-4645-A1FF-786D4F499867}.Release|Any CPU.ActiveCfg = Release|Any CPU
		{D3A90683-FA12-4645-A1FF-786D4F499867}.Release|Any CPU.Build.0 = Release|Any CPU
	EndGlobalSection
EndGlobal
